Microsoft Visual Studio Solution File, Format Version 12.00
# Visual Studio Version 17
VisualStudioVersion = 17.5.2.0
MinimumVisualStudioVersion = 10.0.40219.1
Project("{FAE04EC0-301F-11D3-BF4B-00C04F79EFBC}") = "ParkingLot.Api", "ParkingLot.Api\ParkingLot.Api.csproj", "{181371D4-DBAD-7A24-D6EB-CF4AE8776011}"
EndProject
Global
	GlobalSection(SolutionConfigurationPlatforms) = preSolution
		Debug|Any CPU = Debug|Any CPU
		Release|Any CPU = Release|Any CPU
	EndGlobalSection
	GlobalSection(ProjectConfigurationPlatforms) = postSolution
		{181371D4-DBAD-7A24-D6EB-CF4AE8776011}.Debug|Any CPU.ActiveCfg = Debug|Any CPU
		{181371D4-DBAD-7A24-D6EB-CF4AE8776011}.Debug|Any CPU.Build.0 = Debug|Any CPU
		{181371D4-DBAD-7A24-D6EB-CF4AE8776011}.Release|Any CPU.ActiveCfg = Release|Any CPU
		{181371D4-DBAD-7A24-D6EB-CF4AE8776011}.Release|Any CPU.Build.0 = Release|Any CPU
	EndGlobalSection
	GlobalSection(SolutionProperties) = preSolution
		HideSolutionNode = FALSE
	EndGlobalSection
	GlobalSection(ExtensibilityGlobals) = postSolution
		SolutionGuid = {CD85E299-BFB7-48DD-B176-35ACC56540C6}
	EndGlobalSection
EndGlobal
